// !$*UTF8*$!
{
	archiveVersion = 1;
	classes = {
	};
	objectVersion = 55;
	objects = {

/* Begin PBXBuildFile section */
		201620EC27D436FC0002CC15 /* op_equal.c in Sources */ = {isa = PBXBuildFile; fileRef = 201620EB27D436FC0002CC15 /* op_equal.c */; };
		208DFD9727B83E3F0048A10D /* fields.c in Sources */ = {isa = PBXBuildFile; fileRef = 208DFD9627B83E3F0048A10D /* fields.c */; };
		2090E2CD27BAC2BA00DE1670 /* conversion_string.c in Sources */ = {isa = PBXBuildFile; fileRef = 2090E2CC27BAC2B600DE1670 /* conversion_string.c */; };
		2090E2D127BD724B00DE1670 /* strutils.c in Sources */ = {isa = PBXBuildFile; fileRef = 2090E2D027BD724B00DE1670 /* strutils.c */; };
		2090E2D327BD84E000DE1670 /* test_stringContains.c in Sources */ = {isa = PBXBuildFile; fileRef = 2090E2D227BD84E000DE1670 /* test_stringContains.c */; };
		20A04DFE27A1BB74002B11AB /* standard.c in Sources */ = {isa = PBXBuildFile; fileRef = 20A04DFD27A1BB74002B11AB /* standard.c */; };
		20A04E0B27A323CD002B11AB /* stdio.c in Sources */ = {isa = PBXBuildFile; fileRef = 20A04E0A27A323CD002B11AB /* stdio.c */; };
		20A69D3827A8175D00014B26 /* test_strings.c in Sources */ = {isa = PBXBuildFile; fileRef = 20A69D3327A8171B00014B26 /* test_strings.c */; };
		20AABB2627CABB230049634C /* grph_array.c in Sources */ = {isa = PBXBuildFile; fileRef = 20AABB2527CABB230049634C /* grph_array.c */; };
		20AABB2827CBE37F0049634C /* main.c in Sources */ = {isa = PBXBuildFile; fileRef = 20AABB2727CBE37F0049634C /* main.c */; };
		20D640F527C003E6009B8159 /* test_char.c in Sources */ = {isa = PBXBuildFile; fileRef = 20D640F427C003E6009B8159 /* test_char.c */; };
		20D640FF27C1A259009B8159 /* conversion_integer.c in Sources */ = {isa = PBXBuildFile; fileRef = 20D640FE27C1A259009B8159 /* conversion_integer.c */; };
		20D6410127C1A938009B8159 /* cstring.c in Sources */ = {isa = PBXBuildFile; fileRef = 20D6410027C1A938009B8159 /* cstring.c */; };
		20D6410327C281E7009B8159 /* math.c in Sources */ = {isa = PBXBuildFile; fileRef = 20D6410227C281E7009B8159 /* math.c */; };
		20D6410627C284BD009B8159 /* conversion_float.c in Sources */ = {isa = PBXBuildFile; fileRef = 20D6410527C284BD009B8159 /* conversion_float.c */; };
/* End PBXBuildFile section */

/* Begin PBXCopyFilesBuildPhase section */
		20A04DF827A1BB74002B11AB /* CopyFiles */ = {
			isa = PBXCopyFilesBuildPhase;
			buildActionMask = 2147483647;
			dstPath = /usr/share/man/man1/;
			dstSubfolderSpec = 0;
			files = (
			);
			runOnlyForDeploymentPostprocessing = 1;
		};
/* End PBXCopyFilesBuildPhase section */

/* Begin PBXFileReference section */
		201620EA27D3E7990002CC15 /* op_equal.grph */ = {isa = PBXFileReference; fileEncoding = 4; lastKnownFileType = text; path = op_equal.grph; sourceTree = "<group>"; };
		201620EB27D436FC0002CC15 /* op_equal.c */ = {isa = PBXFileReference; lastKnownFileType = sourcecode.c.c; path = op_equal.c; sourceTree = "<group>"; };
		208DFD9427B32B3D0048A10D /* README.md */ = {isa = PBXFileReference; lastKnownFileType = net.daringfireball.markdown; path = README.md; sourceTree = "<group>"; };
		208DFD9527B83E3F0048A10D /* grph_fields.h */ = {isa = PBXFileReference; lastKnownFileType = sourcecode.c.h; path = grph_fields.h; sourceTree = "<group>"; };
		208DFD9627B83E3F0048A10D /* fields.c */ = {isa = PBXFileReference; lastKnownFileType = sourcecode.c.c; path = fields.c; sourceTree = "<group>"; };
		208DFD9927B9525D0048A10D /* strutils.grph */ = {isa = PBXFileReference; lastKnownFileType = text; path = strutils.grph; sourceTree = "<group>"; };
		208DFD9A27B988BC0048A10D /* standard.grph */ = {isa = PBXFileReference; lastKnownFileType = text; path = standard.grph; sourceTree = "<group>"; };
		2090E2CA27BABE6B00DE1670 /* existentials.inc */ = {isa = PBXFileReference; explicitFileType = sourcecode.c.h; path = existentials.inc; sourceTree = "<group>"; };
		2090E2CB27BABF5600DE1670 /* existentials.h */ = {isa = PBXFileReference; lastKnownFileType = sourcecode.c.h; path = existentials.h; sourceTree = "<group>"; };
		2090E2CC27BAC2B600DE1670 /* conversion_string.c */ = {isa = PBXFileReference; lastKnownFileType = sourcecode.c.c; path = conversion_string.c; sourceTree = "<group>"; };
		2090E2CE27BD60D900DE1670 /* conversion_string.grph */ = {isa = PBXFileReference; fileEncoding = 4; lastKnownFileType = text; path = conversion_string.grph; sourceTree = "<group>"; usesTabs = 1; };
		2090E2CF27BD71C500DE1670 /* strutils.h */ = {isa = PBXFileReference; fileEncoding = 4; lastKnownFileType = sourcecode.c.h; path = strutils.h; sourceTree = "<group>"; };
		2090E2D027BD724B00DE1670 /* strutils.c */ = {isa = PBXFileReference; fileEncoding = 4; lastKnownFileType = sourcecode.c.c; path = strutils.c; sourceTree = "<group>"; };
		2090E2D227BD84E000DE1670 /* test_stringContains.c */ = {isa = PBXFileReference; lastKnownFileType = sourcecode.c.c; path = test_stringContains.c; sourceTree = "<group>"; };
		20A04DFA27A1BB74002B11AB /* libgrph */ = {isa = PBXFileReference; explicitFileType = "compiled.mach-o.executable"; includeInIndex = 0; path = libgrph; sourceTree = BUILT_PRODUCTS_DIR; };
		20A04DFD27A1BB74002B11AB /* standard.c */ = {isa = PBXFileReference; lastKnownFileType = sourcecode.c.c; path = standard.c; sourceTree = "<group>"; };
		20A04E0227A1BBDC002B11AB /* Makefile */ = {isa = PBXFileReference; lastKnownFileType = sourcecode.make; path = Makefile; sourceTree = "<group>"; };
		20A04E0527A1C4C7002B11AB /* grph_types.h */ = {isa = PBXFileReference; lastKnownFileType = sourcecode.c.h; path = grph_types.h; sourceTree = "<group>"; };
		20A04E0627A1C81A002B11AB /* .gitignore */ = {isa = PBXFileReference; lastKnownFileType = text; path = .gitignore; sourceTree = "<group>"; };
		20A04E0727A1CA6E002B11AB /* LICENSE.txt */ = {isa = PBXFileReference; lastKnownFileType = text; path = LICENSE.txt; sourceTree = "<group>"; };
		20A04E0A27A323CD002B11AB /* stdio.c */ = {isa = PBXFileReference; fileEncoding = 4; lastKnownFileType = sourcecode.c.c; path = stdio.c; sourceTree = "<group>"; };
		20A04E1027A40D37002B11AB /* standard.h */ = {isa = PBXFileReference; fileEncoding = 4; lastKnownFileType = sourcecode.c.h; path = standard.h; sourceTree = "<group>"; };
		20A04E1127A40D37002B11AB /* stdio.h */ = {isa = PBXFileReference; fileEncoding = 4; lastKnownFileType = sourcecode.c.h; path = stdio.h; sourceTree = "<group>"; };
		20A69D3127A80EC100014B26 /* grph_string_t.h */ = {isa = PBXFileReference; lastKnownFileType = sourcecode.c.h; path = grph_string_t.h; sourceTree = "<group>"; };
		20A69D3327A8171B00014B26 /* test_strings.c */ = {isa = PBXFileReference; lastKnownFileType = sourcecode.c.c; path = test_strings.c; sourceTree = "<group>"; };
		20AABB2327C99EFE0049634C /* typetable.h */ = {isa = PBXFileReference; lastKnownFileType = sourcecode.c.h; path = typetable.h; sourceTree = "<group>"; };
		20AABB2427CABB230049634C /* grph_array.h */ = {isa = PBXFileReference; lastKnownFileType = sourcecode.c.h; path = grph_array.h; sourceTree = "<group>"; };
		20AABB2527CABB230049634C /* grph_array.c */ = {isa = PBXFileReference; lastKnownFileType = sourcecode.c.c; path = grph_array.c; sourceTree = "<group>"; };
		20AABB2727CBE37F0049634C /* main.c */ = {isa = PBXFileReference; lastKnownFileType = sourcecode.c.c; path = main.c; sourceTree = "<group>"; };
		20AABB2927CBE5020049634C /* main.grph */ = {isa = PBXFileReference; fileEncoding = 4; lastKnownFileType = text; path = main.grph; sourceTree = "<group>"; };
		20D640F427C003E6009B8159 /* test_char.c */ = {isa = PBXFileReference; fileEncoding = 4; lastKnownFileType = sourcecode.c.c; path = test_char.c; sourceTree = "<group>"; };
		20D640FC27C12439009B8159 /* grph_op.h */ = {isa = PBXFileReference; lastKnownFileType = sourcecode.c.h; path = grph_op.h; sourceTree = "<group>"; };
		20D640FD27C1A237009B8159 /* conversion_integer.grph */ = {isa = PBXFileReference; fileEncoding = 4; lastKnownFileType = text; path = conversion_integer.grph; sourceTree = "<group>"; };
		20D640FE27C1A259009B8159 /* conversion_integer.c */ = {isa = PBXFileReference; lastKnownFileType = sourcecode.c.c; path = conversion_integer.c; sourceTree = "<group>"; };
		20D6410027C1A938009B8159 /* cstring.c */ = {isa = PBXFileReference; lastKnownFileType = sourcecode.c.c; path = cstring.c; sourceTree = "<group>"; };
		20D6410227C281E7009B8159 /* math.c */ = {isa = PBXFileReference; lastKnownFileType = sourcecode.c.c; path = math.c; sourceTree = "<group>"; };
		20D6410427C2836D009B8159 /* math.h */ = {isa = PBXFileReference; fileEncoding = 4; lastKnownFileType = sourcecode.c.h; path = math.h; sourceTree = "<group>"; };
		20D6410527C284BD009B8159 /* conversion_float.c */ = {isa = PBXFileReference; lastKnownFileType = sourcecode.c.c; path = conversion_float.c; sourceTree = "<group>"; };
		20D6410727C28522009B8159 /* conversion_float.grph */ = {isa = PBXFileReference; fileEncoding = 4; lastKnownFileType = text; path = conversion_float.grph; sourceTree = "<group>"; };
		20D6410827C28796009B8159 /* math.grph */ = {isa = PBXFileReference; lastKnownFileType = text; path = math.grph; sourceTree = "<group>"; };
/* End PBXFileReference section */

/* Begin PBXFrameworksBuildPhase section */
		20A04DF727A1BB74002B11AB /* Frameworks */ = {
			isa = PBXFrameworksBuildPhase;
			buildActionMask = 2147483647;
			files = (
			);
			runOnlyForDeploymentPostprocessing = 0;
		};
/* End PBXFrameworksBuildPhase section */

/* Begin PBXGroup section */
		20A04DEB27A1BAB0002B11AB = {
			isa = PBXGroup;
			children = (
				20A04E0627A1C81A002B11AB /* .gitignore */,
				20A04E0427A1C49A002B11AB /* include */,
				20A04E0327A1C025002B11AB /* sources */,
				20A69D3227A816ED00014B26 /* tests */,
				20A04E0227A1BBDC002B11AB /* Makefile */,
				208DFD9427B32B3D0048A10D /* README.md */,
				20A04E0727A1CA6E002B11AB /* LICENSE.txt */,
				20A04DFB27A1BB74002B11AB /* Products */,
			);
			sourceTree = "<group>";
		};
		20A04DFB27A1BB74002B11AB /* Products */ = {
			isa = PBXGroup;
			children = (
				20A04DFA27A1BB74002B11AB /* libgrph */,
			);
			name = Products;
			sourceTree = "<group>";
		};
		20A04DFC27A1BB74002B11AB /* libgrph */ = {
			isa = PBXGroup;
			children = (
				20D6410027C1A938009B8159 /* cstring.c */,
				20A04DFD27A1BB74002B11AB /* standard.c */,
				208DFD9A27B988BC0048A10D /* standard.grph */,
				20D6410227C281E7009B8159 /* math.c */,
				20D6410827C28796009B8159 /* math.grph */,
				20A04E0A27A323CD002B11AB /* stdio.c */,
				2090E2D027BD724B00DE1670 /* strutils.c */,
				208DFD9927B9525D0048A10D /* strutils.grph */,
				208DFD9627B83E3F0048A10D /* fields.c */,
				2090E2CC27BAC2B600DE1670 /* conversion_string.c */,
				2090E2CE27BD60D900DE1670 /* conversion_string.grph */,
				20D640FE27C1A259009B8159 /* conversion_integer.c */,
				20D640FD27C1A237009B8159 /* conversion_integer.grph */,
				20D6410527C284BD009B8159 /* conversion_float.c */,
				20D6410727C28522009B8159 /* conversion_float.grph */,
				20AABB2527CABB230049634C /* grph_array.c */,
				201620EB27D436FC0002CC15 /* op_equal.c */,
				201620EA27D3E7990002CC15 /* op_equal.grph */,
				20AABB2727CBE37F0049634C /* main.c */,
				20AABB2927CBE5020049634C /* main.grph */,
			);
			path = libgrph;
			sourceTree = "<group>";
		};
		20A04E0327A1C025002B11AB /* sources */ = {
			isa = PBXGroup;
			children = (
				20A04DFC27A1BB74002B11AB /* libgrph */,
			);
			path = sources;
			sourceTree = "<group>";
		};
		20A04E0427A1C49A002B11AB /* include */ = {
			isa = PBXGroup;
			children = (
				20A04E0F27A40D37002B11AB /* ns */,
				20A04E0527A1C4C7002B11AB /* grph_types.h */,
				208DFD9527B83E3F0048A10D /* grph_fields.h */,
				20A69D3127A80EC100014B26 /* grph_string_t.h */,
				2090E2CA27BABE6B00DE1670 /* existentials.inc */,
				2090E2CB27BABF5600DE1670 /* existentials.h */,
				20D640FC27C12439009B8159 /* grph_op.h */,
				20AABB2427CABB230049634C /* grph_array.h */,
				20AABB2327C99EFE0049634C /* typetable.h */,
			);
			path = include;
			sourceTree = "<group>";
		};
		20A04E0F27A40D37002B11AB /* ns */ = {
			isa = PBXGroup;
			children = (
				20D6410427C2836D009B8159 /* math.h */,
				2090E2CF27BD71C500DE1670 /* strutils.h */,
				20A04E1027A40D37002B11AB /* standard.h */,
				20A04E1127A40D37002B11AB /* stdio.h */,
			);
			path = ns;
			sourceTree = "<group>";
		};
		20A69D3227A816ED00014B26 /* tests */ = {
			isa = PBXGroup;
			children = (
				20A69D3327A8171B00014B26 /* test_strings.c */,
				2090E2D227BD84E000DE1670 /* test_stringContains.c */,
				20D640F427C003E6009B8159 /* test_char.c */,
			);
			path = tests;
			sourceTree = "<group>";
		};
/* End PBXGroup section */

/* Begin PBXLegacyTarget section */
		20A04DF027A1BAB0002B11AB /* GRPH Standard Library */ = {
			isa = PBXLegacyTarget;
			buildArgumentsString = "$(ACTION)";
			buildConfigurationList = 20A04DF327A1BAB0002B11AB /* Build configuration list for PBXLegacyTarget "GRPH Standard Library" */;
			buildPhases = (
			);
			buildToolPath = /usr/bin/make;
			buildWorkingDirectory = "";
			dependencies = (
			);
			name = "GRPH Standard Library";
			passBuildSettingsInEnvironment = 1;
			productName = "GRPH Standard Library";
		};
		20A69D3A27A81AFD00014B26 /* Unit tests */ = {
			isa = PBXLegacyTarget;
			buildArgumentsString = tests_run;
			buildConfigurationList = 20A69D3B27A81AFD00014B26 /* Build configuration list for PBXLegacyTarget "Unit tests" */;
			buildPhases = (
			);
			buildToolPath = /usr/bin/make;
			buildWorkingDirectory = "";
			dependencies = (
			);
			name = "Unit tests";
			passBuildSettingsInEnvironment = 1;
			productName = "Unit tests";
		};
/* End PBXLegacyTarget section */

/* Begin PBXNativeTarget section */
		20A04DF927A1BB74002B11AB /* libgrph */ = {
			isa = PBXNativeTarget;
			buildConfigurationList = 20A04DFF27A1BB74002B11AB /* Build configuration list for PBXNativeTarget "libgrph" */;
			buildPhases = (
				20A04DF627A1BB74002B11AB /* Sources */,
				20A04DF727A1BB74002B11AB /* Frameworks */,
				20A04DF827A1BB74002B11AB /* CopyFiles */,
			);
			buildRules = (
			);
			dependencies = (
			);
			name = libgrph;
			productName = libgrph;
			productReference = 20A04DFA27A1BB74002B11AB /* libgrph */;
			productType = "com.apple.product-type.tool";
		};
/* End PBXNativeTarget section */

/* Begin PBXProject section */
		20A04DEC27A1BAB0002B11AB /* Project object */ = {
			isa = PBXProject;
			attributes = {
				BuildIndependentTargetsInParallel = 1;
				LastUpgradeCheck = 1320;
				TargetAttributes = {
					20A04DF027A1BAB0002B11AB = {
						CreatedOnToolsVersion = 13.2.1;
					};
					20A04DF927A1BB74002B11AB = {
						CreatedOnToolsVersion = 13.2.1;
					};
					20A69D3A27A81AFD00014B26 = {
						CreatedOnToolsVersion = 13.2.1;
					};
				};
			};
			buildConfigurationList = 20A04DEF27A1BAB0002B11AB /* Build configuration list for PBXProject "GRPH Standard Library" */;
			compatibilityVersion = "Xcode 13.0";
			developmentRegion = en;
			hasScannedForEncodings = 0;
			knownRegions = (
				en,
				Base,
			);
			mainGroup = 20A04DEB27A1BAB0002B11AB;
			productRefGroup = 20A04DFB27A1BB74002B11AB /* Products */;
			projectDirPath = "";
			projectRoot = "";
			targets = (
				20A04DF027A1BAB0002B11AB /* GRPH Standard Library */,
				20A04DF927A1BB74002B11AB /* libgrph */,
				20A69D3A27A81AFD00014B26 /* Unit tests */,
			);
		};
/* End PBXProject section */

/* Begin PBXSourcesBuildPhase section */
		20A04DF627A1BB74002B11AB /* Sources */ = {
			isa = PBXSourcesBuildPhase;
			buildActionMask = 2147483647;
			files = (
				2090E2D327BD84E000DE1670 /* test_stringContains.c in Sources */,
				20D640F527C003E6009B8159 /* test_char.c in Sources */,
				208DFD9727B83E3F0048A10D /* fields.c in Sources */,
				20D6410127C1A938009B8159 /* cstring.c in Sources */,
				2090E2CD27BAC2BA00DE1670 /* conversion_string.c in Sources */,
				20A04DFE27A1BB74002B11AB /* standard.c in Sources */,
				201620EC27D436FC0002CC15 /* op_equal.c in Sources */,
				20AABB2827CBE37F0049634C /* main.c in Sources */,
				20D640FF27C1A259009B8159 /* conversion_integer.c in Sources */,
				2090E2D127BD724B00DE1670 /* strutils.c in Sources */,
				20D6410627C284BD009B8159 /* conversion_float.c in Sources */,
				20AABB2627CABB230049634C /* grph_array.c in Sources */,
				20A69D3827A8175D00014B26 /* test_strings.c in Sources */,
				20A04E0B27A323CD002B11AB /* stdio.c in Sources */,
				20D6410327C281E7009B8159 /* math.c in Sources */,
			);
			runOnlyForDeploymentPostprocessing = 0;
		};
/* End PBXSourcesBuildPhase section */

/* Begin XCBuildConfiguration section */
		20A04DF127A1BAB0002B11AB /* Debug */ = {
			isa = XCBuildConfiguration;
			buildSettings = {
				ALWAYS_SEARCH_USER_PATHS = NO;
				CLANG_ANALYZER_NONNULL = YES;
				CLANG_ANALYZER_NUMBER_OBJECT_CONVERSION = YES_AGGRESSIVE;
				CLANG_CXX_LANGUAGE_STANDARD = "gnu++17";
				CLANG_CXX_LIBRARY = "libc++";
				CLANG_ENABLE_MODULES = YES;
				CLANG_ENABLE_OBJC_ARC = YES;
				CLANG_ENABLE_OBJC_WEAK = YES;
				CLANG_WARN_BLOCK_CAPTURE_AUTORELEASING = YES;
				CLANG_WARN_BOOL_CONVERSION = YES;
				CLANG_WARN_COMMA = YES;
				CLANG_WARN_CONSTANT_CONVERSION = YES;
				CLANG_WARN_DEPRECATED_OBJC_IMPLEMENTATIONS = YES;
				CLANG_WARN_DIRECT_OBJC_ISA_USAGE = YES_ERROR;
				CLANG_WARN_DOCUMENTATION_COMMENTS = YES;
				CLANG_WARN_EMPTY_BODY = YES;
				CLANG_WARN_ENUM_CONVERSION = YES;
				CLANG_WARN_INFINITE_RECURSION = YES;
				CLANG_WARN_INT_CONVERSION = YES;
				CLANG_WARN_NON_LITERAL_NULL_CONVERSION = YES;
				CLANG_WARN_OBJC_IMPLICIT_RETAIN_SELF = YES;
				CLANG_WARN_OBJC_LITERAL_CONVERSION = YES;
				CLANG_WARN_OBJC_ROOT_CLASS = YES_ERROR;
				CLANG_WARN_QUOTED_INCLUDE_IN_FRAMEWORK_HEADER = YES;
				CLANG_WARN_RANGE_LOOP_ANALYSIS = YES;
				CLANG_WARN_STRICT_PROTOTYPES = YES;
				CLANG_WARN_SUSPICIOUS_MOVE = YES;
				CLANG_WARN_UNGUARDED_AVAILABILITY = YES_AGGRESSIVE;
				CLANG_WARN_UNREACHABLE_CODE = YES;
				CLANG_WARN__DUPLICATE_METHOD_MATCH = YES;
				COPY_PHASE_STRIP = NO;
				DEBUG_INFORMATION_FORMAT = dwarf;
				ENABLE_STRICT_OBJC_MSGSEND = YES;
				ENABLE_TESTABILITY = YES;
				GCC_C_LANGUAGE_STANDARD = gnu11;
				GCC_DYNAMIC_NO_PIC = NO;
				GCC_NO_COMMON_BLOCKS = YES;
				GCC_OPTIMIZATION_LEVEL = 0;
				GCC_PREPROCESSOR_DEFINITIONS = (
					"DEBUG=1",
					"$(inherited)",
				);
				GCC_WARN_64_TO_32_BIT_CONVERSION = YES;
				GCC_WARN_ABOUT_RETURN_TYPE = YES_ERROR;
				GCC_WARN_UNDECLARED_SELECTOR = YES;
				GCC_WARN_UNINITIALIZED_AUTOS = YES_AGGRESSIVE;
				GCC_WARN_UNUSED_FUNCTION = YES;
				GCC_WARN_UNUSED_VARIABLE = YES;
				MTL_ENABLE_DEBUG_INFO = INCLUDE_SOURCE;
				MTL_FAST_MATH = YES;
				ONLY_ACTIVE_ARCH = YES;
			};
			name = Debug;
		};
		20A04DF227A1BAB0002B11AB /* Release */ = {
			isa = XCBuildConfiguration;
			buildSettings = {
				ALWAYS_SEARCH_USER_PATHS = NO;
				CLANG_ANALYZER_NONNULL = YES;
				CLANG_ANALYZER_NUMBER_OBJECT_CONVERSION = YES_AGGRESSIVE;
				CLANG_CXX_LANGUAGE_STANDARD = "gnu++17";
				CLANG_CXX_LIBRARY = "libc++";
				CLANG_ENABLE_MODULES = YES;
				CLANG_ENABLE_OBJC_ARC = YES;
				CLANG_ENABLE_OBJC_WEAK = YES;
				CLANG_WARN_BLOCK_CAPTURE_AUTORELEASING = YES;
				CLANG_WARN_BOOL_CONVERSION = YES;
				CLANG_WARN_COMMA = YES;
				CLANG_WARN_CONSTANT_CONVERSION = YES;
				CLANG_WARN_DEPRECATED_OBJC_IMPLEMENTATIONS = YES;
				CLANG_WARN_DIRECT_OBJC_ISA_USAGE = YES_ERROR;
				CLANG_WARN_DOCUMENTATION_COMMENTS = YES;
				CLANG_WARN_EMPTY_BODY = YES;
				CLANG_WARN_ENUM_CONVERSION = YES;
				CLANG_WARN_INFINITE_RECURSION = YES;
				CLANG_WARN_INT_CONVERSION = YES;
				CLANG_WARN_NON_LITERAL_NULL_CONVERSION = YES;
				CLANG_WARN_OBJC_IMPLICIT_RETAIN_SELF = YES;
				CLANG_WARN_OBJC_LITERAL_CONVERSION = YES;
				CLANG_WARN_OBJC_ROOT_CLASS = YES_ERROR;
				CLANG_WARN_QUOTED_INCLUDE_IN_FRAMEWORK_HEADER = YES;
				CLANG_WARN_RANGE_LOOP_ANALYSIS = YES;
				CLANG_WARN_STRICT_PROTOTYPES = YES;
				CLANG_WARN_SUSPICIOUS_MOVE = YES;
				CLANG_WARN_UNGUARDED_AVAILABILITY = YES_AGGRESSIVE;
				CLANG_WARN_UNREACHABLE_CODE = YES;
				CLANG_WARN__DUPLICATE_METHOD_MATCH = YES;
				COPY_PHASE_STRIP = NO;
				DEBUG_INFORMATION_FORMAT = "dwarf-with-dsym";
				ENABLE_NS_ASSERTIONS = NO;
				ENABLE_STRICT_OBJC_MSGSEND = YES;
				GCC_C_LANGUAGE_STANDARD = gnu11;
				GCC_NO_COMMON_BLOCKS = YES;
				GCC_WARN_64_TO_32_BIT_CONVERSION = YES;
				GCC_WARN_ABOUT_RETURN_TYPE = YES_ERROR;
				GCC_WARN_UNDECLARED_SELECTOR = YES;
				GCC_WARN_UNINITIALIZED_AUTOS = YES_AGGRESSIVE;
				GCC_WARN_UNUSED_FUNCTION = YES;
				GCC_WARN_UNUSED_VARIABLE = YES;
				MTL_ENABLE_DEBUG_INFO = NO;
				MTL_FAST_MATH = YES;
			};
			name = Release;
		};
		20A04DF427A1BAB0002B11AB /* Debug */ = {
			isa = XCBuildConfiguration;
			buildSettings = {
				CODE_SIGN_STYLE = Automatic;
				DEBUGGING_SYMBOLS = YES;
				DEBUG_INFORMATION_FORMAT = dwarf;
				GCC_GENERATE_DEBUGGING_SYMBOLS = YES;
				GCC_OPTIMIZATION_LEVEL = 0;
				OTHER_CFLAGS = "";
				OTHER_LDFLAGS = "";
				PRODUCT_NAME = "$(TARGET_NAME)";
			};
			name = Debug;
		};
		20A04DF527A1BAB0002B11AB /* Release */ = {
			isa = XCBuildConfiguration;
			buildSettings = {
				CODE_SIGN_STYLE = Automatic;
				DEBUG_INFORMATION_FORMAT = "dwarf-with-dsym";
				OTHER_CFLAGS = "";
				OTHER_LDFLAGS = "";
				PRODUCT_NAME = "$(TARGET_NAME)";
			};
			name = Release;
		};
		20A04E0027A1BB74002B11AB /* Debug */ = {
			isa = XCBuildConfiguration;
			buildSettings = {
				CODE_SIGN_STYLE = Automatic;
				FRAMEWORK_SEARCH_PATHS = "";
				MACOSX_DEPLOYMENT_TARGET = 11.6;
				PRODUCT_NAME = "$(TARGET_NAME)";
				SDKROOT = macosx;
				SYSTEM_HEADER_SEARCH_PATHS = "/opt/homebrew/Cellar/criterion/2.3.3-bleeding4/include";
				USER_HEADER_SEARCH_PATHS = include;
			};
			name = Debug;
		};
		20A04E0127A1BB74002B11AB /* Release */ = {
			isa = XCBuildConfiguration;
			buildSettings = {
				CODE_SIGN_STYLE = Automatic;
				FRAMEWORK_SEARCH_PATHS = "";
				MACOSX_DEPLOYMENT_TARGET = 11.6;
				PRODUCT_NAME = "$(TARGET_NAME)";
				SDKROOT = macosx;
				SYSTEM_HEADER_SEARCH_PATHS = "/opt/homebrew/Cellar/criterion/2.3.3-bleeding4/include";
				USER_HEADER_SEARCH_PATHS = include;
			};
			name = Release;
		};
		20A69D3C27A81AFD00014B26 /* Debug */ = {
			isa = XCBuildConfiguration;
			buildSettings = {
				CODE_SIGN_STYLE = Automatic;
				DEBUGGING_SYMBOLS = YES;
				DEBUG_INFORMATION_FORMAT = dwarf;
				GCC_GENERATE_DEBUGGING_SYMBOLS = YES;
				GCC_OPTIMIZATION_LEVEL = 0;
				OTHER_CFLAGS = "-isystem/opt/homebrew/Cellar/criterion/2.3.3-bleeding4/include";
				OTHER_LDFLAGS = "-L/opt/homebrew/Cellar/criterion/2.3.3-bleeding4/lib";
				PRODUCT_NAME = "$(TARGET_NAME)";
			};
			name = Debug;
		};
		20A69D3D27A81AFD00014B26 /* Release */ = {
			isa = XCBuildConfiguration;
			buildSettings = {
				CODE_SIGN_STYLE = Automatic;
				DEBUG_INFORMATION_FORMAT = "dwarf-with-dsym";
				OTHER_CFLAGS = "-isystem/opt/homebrew/Cellar/criterion/2.3.3-bleeding4/include";
				OTHER_LDFLAGS = "-L/opt/homebrew/Cellar/criterion/2.3.3-bleeding4/lib";
				PRODUCT_NAME = "$(TARGET_NAME)";
			};
			name = Release;
		};
/* End XCBuildConfiguration section */

/* Begin XCConfigurationList section */
		20A04DEF27A1BAB0002B11AB /* Build configuration list for PBXProject "GRPH Standard Library" */ = {
			isa = XCConfigurationList;
			buildConfigurations = (
				20A04DF127A1BAB0002B11AB /* Debug */,
				20A04DF227A1BAB0002B11AB /* Release */,
			);
			defaultConfigurationIsVisible = 0;
			defaultConfigurationName = Release;
		};
		20A04DF327A1BAB0002B11AB /* Build configuration list for PBXLegacyTarget "GRPH Standard Library" */ = {
			isa = XCConfigurationList;
			buildConfigurations = (
				20A04DF427A1BAB0002B11AB /* Debug */,
				20A04DF527A1BAB0002B11AB /* Release */,
			);
			defaultConfigurationIsVisible = 0;
			defaultConfigurationName = Release;
		};
		20A04DFF27A1BB74002B11AB /* Build configuration list for PBXNativeTarget "libgrph" */ = {
			isa = XCConfigurationList;
			buildConfigurations = (
				20A04E0027A1BB74002B11AB /* Debug */,
				20A04E0127A1BB74002B11AB /* Release */,
			);
			defaultConfigurationIsVisible = 0;
			defaultConfigurationName = Release;
		};
		20A69D3B27A81AFD00014B26 /* Build configuration list for PBXLegacyTarget "Unit tests" */ = {
			isa = XCConfigurationList;
			buildConfigurations = (
				20A69D3C27A81AFD00014B26 /* Debug */,
				20A69D3D27A81AFD00014B26 /* Release */,
			);
			defaultConfigurationIsVisible = 0;
			defaultConfigurationName = Release;
		};
/* End XCConfigurationList section */
	};
	rootObject = 20A04DEC27A1BAB0002B11AB /* Project object */;
}
